
Microsoft Visual Studio Solution File, Format Version 12.00
# Visual Studio Version 17
VisualStudioVersion = 17.5.33530.505
MinimumVisualStudioVersion = 10.0.40219.1
Project("{9A19103F-16F7-4668-BE54-9A1E7A4F7556}") = "ShaderLS", "ShaderLS.csproj", "{FD65A440-C40C-4BCB-A909-82CB77C356F2}"
EndProject
Global
	GlobalSection(SolutionConfigurationPlatforms) = preSolution
		Debug|Any CPU = Debug|Any CPU
		Release|Any CPU = Release|Any CPU
	EndGlobalSection
	GlobalSection(ProjectConfigurationPlatforms) = postSolution
		{FD65A440-C40C-4BCB-A909-82CB77C356F2}.Debug|Any CPU.ActiveCfg = Debug|Any CPU
		{FD65A440-C40C-4BCB-A909-82CB77C356F2}.Debug|Any CPU.Build.0 = Debug|Any CPU
		{FD65A440-C40C-4BCB-A909-82CB77C356F2}.Release|Any CPU.ActiveCfg = Release|Any CPU
		{FD65A440-C40C-4BCB-A909-82CB77C356F2}.Release|Any CPU.Build.0 = Release|Any CPU
	EndGlobalSection
	GlobalSection(SolutionProperties) = preSolution
		HideSolutionNode = FALSE
	EndGlobalSection
	GlobalSection(ExtensibilityGlobals) = postSolution
		SolutionGuid = {E33177C7-EFF5-4304-90FA-261BD936E4F4}
	EndGlobalSection
EndGlobal
