
Microsoft Visual Studio Solution File, Format Version 12.00
# Visual Studio Version 17
VisualStudioVersion = 17.5.33530.505
MinimumVisualStudioVersion = 10.0.40219.1
Project("{9A19103F-16F7-4668-BE54-9A1E7A4F7556}") = "shader-ls", "shader-ls.csproj", "{43A09270-E39D-465C-B652-FED9BC375593}"
EndProject
Global
	GlobalSection(SolutionConfigurationPlatforms) = preSolution
		Debug|Any CPU = Debug|Any CPU
		Release|Any CPU = Release|Any CPU
	EndGlobalSection
	GlobalSection(ProjectConfigurationPlatforms) = postSolution
		{43A09270-E39D-465C-B652-FED9BC375593}.Debug|Any CPU.ActiveCfg = Debug|Any CPU
		{43A09270-E39D-465C-B652-FED9BC375593}.Debug|Any CPU.Build.0 = Debug|Any CPU
		{43A09270-E39D-465C-B652-FED9BC375593}.Release|Any CPU.ActiveCfg = Release|Any CPU
		{43A09270-E39D-465C-B652-FED9BC375593}.Release|Any CPU.Build.0 = Release|Any CPU
	EndGlobalSection
	GlobalSection(SolutionProperties) = preSolution
		HideSolutionNode = FALSE
	EndGlobalSection
	GlobalSection(ExtensibilityGlobals) = postSolution
		SolutionGuid = {68DA2175-5BFE-4CF5-94C1-25124510385B}
	EndGlobalSection
EndGlobal
